// !$*UTF8*$!
{
	archiveVersion = 1;
	classes = {
	};
	objectVersion = 56;
	objects = {

/* Begin PBXBuildFile section */
		ABE681C72B8B80B2005C2C2D /* iOS_MessengerApp.swift in Sources */ = {isa = PBXBuildFile; fileRef = ABE681C62B8B80B2005C2C2D /* iOS_MessengerApp.swift */; };
		ABE681C92B8B80B2005C2C2D /* ContentView.swift in Sources */ = {isa = PBXBuildFile; fileRef = ABE681C82B8B80B2005C2C2D /* ContentView.swift */; };
		ABE681CB2B8B80B4005C2C2D /* Assets.xcassets in Resources */ = {isa = PBXBuildFile; fileRef = ABE681CA2B8B80B4005C2C2D /* Assets.xcassets */; };
		ABE681CF2B8B80B4005C2C2D /* Preview Assets.xcassets in Resources */ = {isa = PBXBuildFile; fileRef = ABE681CE2B8B80B4005C2C2D /* Preview Assets.xcassets */; };
		ABE681D92B8B80B5005C2C2D /* iOS_MessengerTests.swift in Sources */ = {isa = PBXBuildFile; fileRef = ABE681D82B8B80B5005C2C2D /* iOS_MessengerTests.swift */; };
		ABE681E32B8B80B5005C2C2D /* iOS_MessengerUITests.swift in Sources */ = {isa = PBXBuildFile; fileRef = ABE681E22B8B80B5005C2C2D /* iOS_MessengerUITests.swift */; };
		ABE681E52B8B80B5005C2C2D /* iOS_MessengerUITestsLaunchTests.swift in Sources */ = {isa = PBXBuildFile; fileRef = ABE681E42B8B80B5005C2C2D /* iOS_MessengerUITestsLaunchTests.swift */; };
		ABE681F22B8B897B005C2C2D /* MessageBubbleView.swift in Sources */ = {isa = PBXBuildFile; fileRef = ABE681F12B8B897B005C2C2D /* MessageBubbleView.swift */; };
		ABE681F42B8B8A29005C2C2D /* MessageBubbleState.swift in Sources */ = {isa = PBXBuildFile; fileRef = ABE681F32B8B8A29005C2C2D /* MessageBubbleState.swift */; };
/* End PBXBuildFile section */

/* Begin PBXContainerItemProxy section */
		ABE681D52B8B80B5005C2C2D /* PBXContainerItemProxy */ = {
			isa = PBXContainerItemProxy;
			containerPortal = ABE681BB2B8B80B2005C2C2D /* Project object */;
			proxyType = 1;
			remoteGlobalIDString = ABE681C22B8B80B2005C2C2D;
			remoteInfo = "iOS-Messenger";
		};
		ABE681DF2B8B80B5005C2C2D /* PBXContainerItemProxy */ = {
			isa = PBXContainerItemProxy;
			containerPortal = ABE681BB2B8B80B2005C2C2D /* Project object */;
			proxyType = 1;
			remoteGlobalIDString = ABE681C22B8B80B2005C2C2D;
			remoteInfo = "iOS-Messenger";
		};
/* End PBXContainerItemProxy section */

/* Begin PBXFileReference section */
		ABE681C32B8B80B2005C2C2D /* iOS-Messenger.app */ = {isa = PBXFileReference; explicitFileType = wrapper.application; includeInIndex = 0; path = "iOS-Messenger.app"; sourceTree = BUILT_PRODUCTS_DIR; };
		ABE681C62B8B80B2005C2C2D /* iOS_MessengerApp.swift */ = {isa = PBXFileReference; lastKnownFileType = sourcecode.swift; path = iOS_MessengerApp.swift; sourceTree = "<group>"; };
		ABE681C82B8B80B2005C2C2D /* ContentView.swift */ = {isa = PBXFileReference; lastKnownFileType = sourcecode.swift; path = ContentView.swift; sourceTree = "<group>"; };
		ABE681CA2B8B80B4005C2C2D /* Assets.xcassets */ = {isa = PBXFileReference; lastKnownFileType = folder.assetcatalog; path = Assets.xcassets; sourceTree = "<group>"; };
		ABE681CC2B8B80B4005C2C2D /* iOS_Messenger.entitlements */ = {isa = PBXFileReference; lastKnownFileType = text.plist.entitlements; path = iOS_Messenger.entitlements; sourceTree = "<group>"; };
		ABE681CE2B8B80B4005C2C2D /* Preview Assets.xcassets */ = {isa = PBXFileReference; lastKnownFileType = folder.assetcatalog; path = "Preview Assets.xcassets"; sourceTree = "<group>"; };
		ABE681D42B8B80B5005C2C2D /* iOS-MessengerTests.xctest */ = {isa = PBXFileReference; explicitFileType = wrapper.cfbundle; includeInIndex = 0; path = "iOS-MessengerTests.xctest"; sourceTree = BUILT_PRODUCTS_DIR; };
		ABE681D82B8B80B5005C2C2D /* iOS_MessengerTests.swift */ = {isa = PBXFileReference; lastKnownFileType = sourcecode.swift; path = iOS_MessengerTests.swift; sourceTree = "<group>"; };
		ABE681DE2B8B80B5005C2C2D /* iOS-MessengerUITests.xctest */ = {isa = PBXFileReference; explicitFileType = wrapper.cfbundle; includeInIndex = 0; path = "iOS-MessengerUITests.xctest"; sourceTree = BUILT_PRODUCTS_DIR; };
		ABE681E22B8B80B5005C2C2D /* iOS_MessengerUITests.swift */ = {isa = PBXFileReference; lastKnownFileType = sourcecode.swift; path = iOS_MessengerUITests.swift; sourceTree = "<group>"; };
		ABE681E42B8B80B5005C2C2D /* iOS_MessengerUITestsLaunchTests.swift */ = {isa = PBXFileReference; lastKnownFileType = sourcecode.swift; path = iOS_MessengerUITestsLaunchTests.swift; sourceTree = "<group>"; };
		ABE681F12B8B897B005C2C2D /* MessageBubbleView.swift */ = {isa = PBXFileReference; lastKnownFileType = sourcecode.swift; path = MessageBubbleView.swift; sourceTree = "<group>"; };
		ABE681F32B8B8A29005C2C2D /* MessageBubbleState.swift */ = {isa = PBXFileReference; lastKnownFileType = sourcecode.swift; path = MessageBubbleState.swift; sourceTree = "<group>"; };
/* End PBXFileReference section */

/* Begin PBXFrameworksBuildPhase section */
		ABE681C02B8B80B2005C2C2D /* Frameworks */ = {
			isa = PBXFrameworksBuildPhase;
			buildActionMask = 2147483647;
			files = (
			);
			runOnlyForDeploymentPostprocessing = 0;
		};
		ABE681D12B8B80B5005C2C2D /* Frameworks */ = {
			isa = PBXFrameworksBuildPhase;
			buildActionMask = 2147483647;
			files = (
			);
			runOnlyForDeploymentPostprocessing = 0;
		};
		ABE681DB2B8B80B5005C2C2D /* Frameworks */ = {
			isa = PBXFrameworksBuildPhase;
			buildActionMask = 2147483647;
			files = (
			);
			runOnlyForDeploymentPostprocessing = 0;
		};
/* End PBXFrameworksBuildPhase section */

/* Begin PBXGroup section */
		ABE681BA2B8B80B2005C2C2D = {
			isa = PBXGroup;
			children = (
				ABE681C52B8B80B2005C2C2D /* iOS-Messenger */,
				ABE681D72B8B80B5005C2C2D /* iOS-MessengerTests */,
				ABE681E12B8B80B5005C2C2D /* iOS-MessengerUITests */,
				ABE681C42B8B80B2005C2C2D /* Products */,
			);
			sourceTree = "<group>";
		};
		ABE681C42B8B80B2005C2C2D /* Products */ = {
			isa = PBXGroup;
			children = (
				ABE681C32B8B80B2005C2C2D /* iOS-Messenger.app */,
				ABE681D42B8B80B5005C2C2D /* iOS-MessengerTests.xctest */,
				ABE681DE2B8B80B5005C2C2D /* iOS-MessengerUITests.xctest */,
			);
			name = Products;
			sourceTree = "<group>";
		};
		ABE681C52B8B80B2005C2C2D /* iOS-Messenger */ = {
			isa = PBXGroup;
			children = (
				ABE681C62B8B80B2005C2C2D /* iOS_MessengerApp.swift */,
				ABE681C82B8B80B2005C2C2D /* ContentView.swift */,
				ABE681CA2B8B80B4005C2C2D /* Assets.xcassets */,
				ABE681CC2B8B80B4005C2C2D /* iOS_Messenger.entitlements */,
				ABE681CD2B8B80B4005C2C2D /* Preview Content */,
				ABE681F12B8B897B005C2C2D /* MessageBubbleView.swift */,
				ABE681F32B8B8A29005C2C2D /* MessageBubbleState.swift */,
			);
			path = "iOS-Messenger";
			sourceTree = "<group>";
		};
		ABE681CD2B8B80B4005C2C2D /* Preview Content */ = {
			isa = PBXGroup;
			children = (
				ABE681CE2B8B80B4005C2C2D /* Preview Assets.xcassets */,
			);
			path = "Preview Content";
			sourceTree = "<group>";
		};
		ABE681D72B8B80B5005C2C2D /* iOS-MessengerTests */ = {
			isa = PBXGroup;
			children = (
				ABE681D82B8B80B5005C2C2D /* iOS_MessengerTests.swift */,
			);
			path = "iOS-MessengerTests";
			sourceTree = "<group>";
		};
		ABE681E12B8B80B5005C2C2D /* iOS-MessengerUITests */ = {
			isa = PBXGroup;
			children = (
				ABE681E22B8B80B5005C2C2D /* iOS_MessengerUITests.swift */,
				ABE681E42B8B80B5005C2C2D /* iOS_MessengerUITestsLaunchTests.swift */,
			);
			path = "iOS-MessengerUITests";
			sourceTree = "<group>";
		};
/* End PBXGroup section */

/* Begin PBXNativeTarget section */
		ABE681C22B8B80B2005C2C2D /* iOS-Messenger */ = {
			isa = PBXNativeTarget;
			buildConfigurationList = ABE681E82B8B80B5005C2C2D /* Build configuration list for PBXNativeTarget "iOS-Messenger" */;
			buildPhases = (
				ABE681BF2B8B80B2005C2C2D /* Sources */,
				ABE681C02B8B80B2005C2C2D /* Frameworks */,
				ABE681C12B8B80B2005C2C2D /* Resources */,
			);
			buildRules = (
			);
			dependencies = (
			);
			name = "iOS-Messenger";
			productName = "iOS-Messenger";
			productReference = ABE681C32B8B80B2005C2C2D /* iOS-Messenger.app */;
			productType = "com.apple.product-type.application";
		};
		ABE681D32B8B80B5005C2C2D /* iOS-MessengerTests */ = {
			isa = PBXNativeTarget;
			buildConfigurationList = ABE681EB2B8B80B5005C2C2D /* Build configuration list for PBXNativeTarget "iOS-MessengerTests" */;
			buildPhases = (
				ABE681D02B8B80B5005C2C2D /* Sources */,
				ABE681D12B8B80B5005C2C2D /* Frameworks */,
				ABE681D22B8B80B5005C2C2D /* Resources */,
			);
			buildRules = (
			);
			dependencies = (
				ABE681D62B8B80B5005C2C2D /* PBXTargetDependency */,
			);
			name = "iOS-MessengerTests";
			productName = "iOS-MessengerTests";
			productReference = ABE681D42B8B80B5005C2C2D /* iOS-MessengerTests.xctest */;
			productType = "com.apple.product-type.bundle.unit-test";
		};
		ABE681DD2B8B80B5005C2C2D /* iOS-MessengerUITests */ = {
			isa = PBXNativeTarget;
			buildConfigurationList = ABE681EE2B8B80B5005C2C2D /* Build configuration list for PBXNativeTarget "iOS-MessengerUITests" */;
			buildPhases = (
				ABE681DA2B8B80B5005C2C2D /* Sources */,
				ABE681DB2B8B80B5005C2C2D /* Frameworks */,
				ABE681DC2B8B80B5005C2C2D /* Resources */,
			);
			buildRules = (
			);
			dependencies = (
				ABE681E02B8B80B5005C2C2D /* PBXTargetDependency */,
			);
			name = "iOS-MessengerUITests";
			productName = "iOS-MessengerUITests";
			productReference = ABE681DE2B8B80B5005C2C2D /* iOS-MessengerUITests.xctest */;
			productType = "com.apple.product-type.bundle.ui-testing";
		};
/* End PBXNativeTarget section */

/* Begin PBXProject section */
		ABE681BB2B8B80B2005C2C2D /* Project object */ = {
			isa = PBXProject;
			attributes = {
				BuildIndependentTargetsInParallel = 1;
				LastSwiftUpdateCheck = 1520;
				LastUpgradeCheck = 1520;
				TargetAttributes = {
					ABE681C22B8B80B2005C2C2D = {
						CreatedOnToolsVersion = 15.2;
					};
					ABE681D32B8B80B5005C2C2D = {
						CreatedOnToolsVersion = 15.2;
						TestTargetID = ABE681C22B8B80B2005C2C2D;
					};
					ABE681DD2B8B80B5005C2C2D = {
						CreatedOnToolsVersion = 15.2;
						TestTargetID = ABE681C22B8B80B2005C2C2D;
					};
				};
			};
			buildConfigurationList = ABE681BE2B8B80B2005C2C2D /* Build configuration list for PBXProject "iOS-Messenger" */;
			compatibilityVersion = "Xcode 14.0";
			developmentRegion = en;
			hasScannedForEncodings = 0;
			knownRegions = (
				en,
				Base,
			);
			mainGroup = ABE681BA2B8B80B2005C2C2D;
			productRefGroup = ABE681C42B8B80B2005C2C2D /* Products */;
			projectDirPath = "";
			projectRoot = "";
			targets = (
				ABE681C22B8B80B2005C2C2D /* iOS-Messenger */,
				ABE681D32B8B80B5005C2C2D /* iOS-MessengerTests */,
				ABE681DD2B8B80B5005C2C2D /* iOS-MessengerUITests */,
			);
		};
/* End PBXProject section */

/* Begin PBXResourcesBuildPhase section */
		ABE681C12B8B80B2005C2C2D /* Resources */ = {
			isa = PBXResourcesBuildPhase;
			buildActionMask = 2147483647;
			files = (
				ABE681CF2B8B80B4005C2C2D /* Preview Assets.xcassets in Resources */,
				ABE681CB2B8B80B4005C2C2D /* Assets.xcassets in Resources */,
			);
			runOnlyForDeploymentPostprocessing = 0;
		};
		ABE681D22B8B80B5005C2C2D /* Resources */ = {
			isa = PBXResourcesBuildPhase;
			buildActionMask = 2147483647;
			files = (
			);
			runOnlyForDeploymentPostprocessing = 0;
		};
		ABE681DC2B8B80B5005C2C2D /* Resources */ = {
			isa = PBXResourcesBuildPhase;
			buildActionMask = 2147483647;
			files = (
			);
			runOnlyForDeploymentPostprocessing = 0;
		};
/* End PBXResourcesBuildPhase section */

/* Begin PBXSourcesBuildPhase section */
		ABE681BF2B8B80B2005C2C2D /* Sources */ = {
			isa = PBXSourcesBuildPhase;
			buildActionMask = 2147483647;
			files = (
				ABE681C92B8B80B2005C2C2D /* ContentView.swift in Sources */,
				ABE681F42B8B8A29005C2C2D /* MessageBubbleState.swift in Sources */,
				ABE681F22B8B897B005C2C2D /* MessageBubbleView.swift in Sources */,
				ABE681C72B8B80B2005C2C2D /* iOS_MessengerApp.swift in Sources */,
			);
			runOnlyForDeploymentPostprocessing = 0;
		};
		ABE681D02B8B80B5005C2C2D /* Sources */ = {
			isa = PBXSourcesBuildPhase;
			buildActionMask = 2147483647;
			files = (
				ABE681D92B8B80B5005C2C2D /* iOS_MessengerTests.swift in Sources */,
			);
			runOnlyForDeploymentPostprocessing = 0;
		};
		ABE681DA2B8B80B5005C2C2D /* Sources */ = {
			isa = PBXSourcesBuildPhase;
			buildActionMask = 2147483647;
			files = (
				ABE681E52B8B80B5005C2C2D /* iOS_MessengerUITestsLaunchTests.swift in Sources */,
				ABE681E32B8B80B5005C2C2D /* iOS_MessengerUITests.swift in Sources */,
			);
			runOnlyForDeploymentPostprocessing = 0;
		};
/* End PBXSourcesBuildPhase section */

/* Begin PBXTargetDependency section */
		ABE681D62B8B80B5005C2C2D /* PBXTargetDependency */ = {
			isa = PBXTargetDependency;
			target = ABE681C22B8B80B2005C2C2D /* iOS-Messenger */;
			targetProxy = ABE681D52B8B80B5005C2C2D /* PBXContainerItemProxy */;
		};
		ABE681E02B8B80B5005C2C2D /* PBXTargetDependency */ = {
			isa = PBXTargetDependency;
			target = ABE681C22B8B80B2005C2C2D /* iOS-Messenger */;
			targetProxy = ABE681DF2B8B80B5005C2C2D /* PBXContainerItemProxy */;
		};
/* End PBXTargetDependency section */

/* Begin XCBuildConfiguration section */
		ABE681E62B8B80B5005C2C2D /* Debug */ = {
			isa = XCBuildConfiguration;
			buildSettings = {
				ALWAYS_SEARCH_USER_PATHS = NO;
				ASSETCATALOG_COMPILER_GENERATE_SWIFT_ASSET_SYMBOL_EXTENSIONS = YES;
				CLANG_ANALYZER_NONNULL = YES;
				CLANG_ANALYZER_NUMBER_OBJECT_CONVERSION = YES_AGGRESSIVE;
				CLANG_CXX_LANGUAGE_STANDARD = "gnu++20";
				CLANG_ENABLE_MODULES = YES;
				CLANG_ENABLE_OBJC_ARC = YES;
				CLANG_ENABLE_OBJC_WEAK = YES;
				CLANG_WARN_BLOCK_CAPTURE_AUTORELEASING = YES;
				CLANG_WARN_BOOL_CONVERSION = YES;
				CLANG_WARN_COMMA = YES;
				CLANG_WARN_CONSTANT_CONVERSION = YES;
				CLANG_WARN_DEPRECATED_OBJC_IMPLEMENTATIONS = YES;
				CLANG_WARN_DIRECT_OBJC_ISA_USAGE = YES_ERROR;
				CLANG_WARN_DOCUMENTATION_COMMENTS = YES;
				CLANG_WARN_EMPTY_BODY = YES;
				CLANG_WARN_ENUM_CONVERSION = YES;
				CLANG_WARN_INFINITE_RECURSION = YES;
				CLANG_WARN_INT_CONVERSION = YES;
				CLANG_WARN_NON_LITERAL_NULL_CONVERSION = YES;
				CLANG_WARN_OBJC_IMPLICIT_RETAIN_SELF = YES;
				CLANG_WARN_OBJC_LITERAL_CONVERSION = YES;
				CLANG_WARN_OBJC_ROOT_CLASS = YES_ERROR;
				CLANG_WARN_QUOTED_INCLUDE_IN_FRAMEWORK_HEADER = YES;
				CLANG_WARN_RANGE_LOOP_ANALYSIS = YES;
				CLANG_WARN_STRICT_PROTOTYPES = YES;
				CLANG_WARN_SUSPICIOUS_MOVE = YES;
				CLANG_WARN_UNGUARDED_AVAILABILITY = YES_AGGRESSIVE;
				CLANG_WARN_UNREACHABLE_CODE = YES;
				CLANG_WARN__DUPLICATE_METHOD_MATCH = YES;
				COPY_PHASE_STRIP = NO;
				DEBUG_INFORMATION_FORMAT = dwarf;
				ENABLE_STRICT_OBJC_MSGSEND = YES;
				ENABLE_TESTABILITY = YES;
				ENABLE_USER_SCRIPT_SANDBOXING = YES;
				GCC_C_LANGUAGE_STANDARD = gnu17;
				GCC_DYNAMIC_NO_PIC = NO;
				GCC_NO_COMMON_BLOCKS = YES;
				GCC_OPTIMIZATION_LEVEL = 0;
				GCC_PREPROCESSOR_DEFINITIONS = (
					"DEBUG=1",
					"$(inherited)",
				);
				GCC_WARN_64_TO_32_BIT_CONVERSION = YES;
				GCC_WARN_ABOUT_RETURN_TYPE = YES_ERROR;
				GCC_WARN_UNDECLARED_SELECTOR = YES;
				GCC_WARN_UNINITIALIZED_AUTOS = YES_AGGRESSIVE;
				GCC_WARN_UNUSED_FUNCTION = YES;
				GCC_WARN_UNUSED_VARIABLE = YES;
				LOCALIZATION_PREFERS_STRING_CATALOGS = YES;
				MTL_ENABLE_DEBUG_INFO = INCLUDE_SOURCE;
				MTL_FAST_MATH = YES;
				ONLY_ACTIVE_ARCH = YES;
				SWIFT_ACTIVE_COMPILATION_CONDITIONS = "DEBUG $(inherited)";
				SWIFT_OPTIMIZATION_LEVEL = "-Onone";
			};
			name = Debug;
		};
		ABE681E72B8B80B5005C2C2D /* Release */ = {
			isa = XCBuildConfiguration;
			buildSettings = {
				ALWAYS_SEARCH_USER_PATHS = NO;
				ASSETCATALOG_COMPILER_GENERATE_SWIFT_ASSET_SYMBOL_EXTENSIONS = YES;
				CLANG_ANALYZER_NONNULL = YES;
				CLANG_ANALYZER_NUMBER_OBJECT_CONVERSION = YES_AGGRESSIVE;
				CLANG_CXX_LANGUAGE_STANDARD = "gnu++20";
				CLANG_ENABLE_MODULES = YES;
				CLANG_ENABLE_OBJC_ARC = YES;
				CLANG_ENABLE_OBJC_WEAK = YES;
				CLANG_WARN_BLOCK_CAPTURE_AUTORELEASING = YES;
				CLANG_WARN_BOOL_CONVERSION = YES;
				CLANG_WARN_COMMA = YES;
				CLANG_WARN_CONSTANT_CONVERSION = YES;
				CLANG_WARN_DEPRECATED_OBJC_IMPLEMENTATIONS = YES;
				CLANG_WARN_DIRECT_OBJC_ISA_USAGE = YES_ERROR;
				CLANG_WARN_DOCUMENTATION_COMMENTS = YES;
				CLANG_WARN_EMPTY_BODY = YES;
				CLANG_WARN_ENUM_CONVERSION = YES;
				CLANG_WARN_INFINITE_RECURSION = YES;
				CLANG_WARN_INT_CONVERSION = YES;
				CLANG_WARN_NON_LITERAL_NULL_CONVERSION = YES;
				CLANG_WARN_OBJC_IMPLICIT_RETAIN_SELF = YES;
				CLANG_WARN_OBJC_LITERAL_CONVERSION = YES;
				CLANG_WARN_OBJC_ROOT_CLASS = YES_ERROR;
				CLANG_WARN_QUOTED_INCLUDE_IN_FRAMEWORK_HEADER = YES;
				CLANG_WARN_RANGE_LOOP_ANALYSIS = YES;
				CLANG_WARN_STRICT_PROTOTYPES = YES;
				CLANG_WARN_SUSPICIOUS_MOVE = YES;
				CLANG_WARN_UNGUARDED_AVAILABILITY = YES_AGGRESSIVE;
				CLANG_WARN_UNREACHABLE_CODE = YES;
				CLANG_WARN__DUPLICATE_METHOD_MATCH = YES;
				COPY_PHASE_STRIP = NO;
				DEBUG_INFORMATION_FORMAT = "dwarf-with-dsym";
				ENABLE_NS_ASSERTIONS = NO;
				ENABLE_STRICT_OBJC_MSGSEND = YES;
				ENABLE_USER_SCRIPT_SANDBOXING = YES;
				GCC_C_LANGUAGE_STANDARD = gnu17;
				GCC_NO_COMMON_BLOCKS = YES;
				GCC_WARN_64_TO_32_BIT_CONVERSION = YES;
				GCC_WARN_ABOUT_RETURN_TYPE = YES_ERROR;
				GCC_WARN_UNDECLARED_SELECTOR = YES;
				GCC_WARN_UNINITIALIZED_AUTOS = YES_AGGRESSIVE;
				GCC_WARN_UNUSED_FUNCTION = YES;
				GCC_WARN_UNUSED_VARIABLE = YES;
				LOCALIZATION_PREFERS_STRING_CATALOGS = YES;
				MTL_ENABLE_DEBUG_INFO = NO;
				MTL_FAST_MATH = YES;
				SWIFT_COMPILATION_MODE = wholemodule;
			};
			name = Release;
		};
		ABE681E92B8B80B5005C2C2D /* Debug */ = {
			isa = XCBuildConfiguration;
			buildSettings = {
				ASSETCATALOG_COMPILER_APPICON_NAME = AppIcon;
				ASSETCATALOG_COMPILER_GLOBAL_ACCENT_COLOR_NAME = AccentColor;
				CODE_SIGN_ENTITLEMENTS = "iOS-Messenger/iOS_Messenger.entitlements";
				CODE_SIGN_STYLE = Automatic;
				CURRENT_PROJECT_VERSION = 1;
				DEVELOPMENT_ASSET_PATHS = "\"iOS-Messenger/Preview Content\"";
				ENABLE_PREVIEWS = YES;
				GENERATE_INFOPLIST_FILE = YES;
				"INFOPLIST_KEY_UIApplicationSceneManifest_Generation[sdk=iphoneos*]" = YES;
				"INFOPLIST_KEY_UIApplicationSceneManifest_Generation[sdk=iphonesimulator*]" = YES;
				"INFOPLIST_KEY_UIApplicationSupportsIndirectInputEvents[sdk=iphoneos*]" = YES;
				"INFOPLIST_KEY_UIApplicationSupportsIndirectInputEvents[sdk=iphonesimulator*]" = YES;
				"INFOPLIST_KEY_UILaunchScreen_Generation[sdk=iphoneos*]" = YES;
				"INFOPLIST_KEY_UILaunchScreen_Generation[sdk=iphonesimulator*]" = YES;
				"INFOPLIST_KEY_UIStatusBarStyle[sdk=iphoneos*]" = UIStatusBarStyleDefault;
				"INFOPLIST_KEY_UIStatusBarStyle[sdk=iphonesimulator*]" = UIStatusBarStyleDefault;
				INFOPLIST_KEY_UISupportedInterfaceOrientations_iPad = "UIInterfaceOrientationPortrait UIInterfaceOrientationPortraitUpsideDown UIInterfaceOrientationLandscapeLeft UIInterfaceOrientationLandscapeRight";
				INFOPLIST_KEY_UISupportedInterfaceOrientations_iPhone = "UIInterfaceOrientationPortrait UIInterfaceOrientationLandscapeLeft UIInterfaceOrientationLandscapeRight";
				IPHONEOS_DEPLOYMENT_TARGET = 17.2;
				LD_RUNPATH_SEARCH_PATHS = "@executable_path/Frameworks";
				"LD_RUNPATH_SEARCH_PATHS[sdk=macosx*]" = "@executable_path/../Frameworks";
				MACOSX_DEPLOYMENT_TARGET = 14.2;
				MARKETING_VERSION = 1.0;
				PRODUCT_BUNDLE_IDENTIFIER = "jonathan-zopf.iOS-Messenger";
				PRODUCT_NAME = "$(TARGET_NAME)";
				SDKROOT = auto;
				SUPPORTED_PLATFORMS = "iphoneos iphonesimulator macosx";
				SWIFT_EMIT_LOC_STRINGS = YES;
				SWIFT_VERSION = 5.0;
				TARGETED_DEVICE_FAMILY = "1,2";
			};
			name = Debug;
		};
		ABE681EA2B8B80B5005C2C2D /* Release */ = {
			isa = XCBuildConfiguration;
			buildSettings = {
				ASSETCATALOG_COMPILER_APPICON_NAME = AppIcon;
				ASSETCATALOG_COMPILER_GLOBAL_ACCENT_COLOR_NAME = AccentColor;
				CODE_SIGN_ENTITLEMENTS = "iOS-Messenger/iOS_Messenger.entitlements";
				CODE_SIGN_STYLE = Automatic;
				CURRENT_PROJECT_VERSION = 1;
				DEVELOPMENT_ASSET_PATHS = "\"iOS-Messenger/Preview Content\"";
				ENABLE_PREVIEWS = YES;
				GENERATE_INFOPLIST_FILE = YES;
				"INFOPLIST_KEY_UIApplicationSceneManifest_Generation[sdk=iphoneos*]" = YES;
				"INFOPLIST_KEY_UIApplicationSceneManifest_Generation[sdk=iphonesimulator*]" = YES;
				"INFOPLIST_KEY_UIApplicationSupportsIndirectInputEvents[sdk=iphoneos*]" = YES;
				"INFOPLIST_KEY_UIApplicationSupportsIndirectInputEvents[sdk=iphonesimulator*]" = YES;
				"INFOPLIST_KEY_UILaunchScreen_Generation[sdk=iphoneos*]" = YES;
				"INFOPLIST_KEY_UILaunchScreen_Generation[sdk=iphonesimulator*]" = YES;
				"INFOPLIST_KEY_UIStatusBarStyle[sdk=iphoneos*]" = UIStatusBarStyleDefault;
				"INFOPLIST_KEY_UIStatusBarStyle[sdk=iphonesimulator*]" = UIStatusBarStyleDefault;
				INFOPLIST_KEY_UISupportedInterfaceOrientations_iPad = "UIInterfaceOrientationPortrait UIInterfaceOrientationPortraitUpsideDown UIInterfaceOrientationLandscapeLeft UIInterfaceOrientationLandscapeRight";
				INFOPLIST_KEY_UISupportedInterfaceOrientations_iPhone = "UIInterfaceOrientationPortrait UIInterfaceOrientationLandscapeLeft UIInterfaceOrientationLandscapeRight";
				IPHONEOS_DEPLOYMENT_TARGET = 17.2;
				LD_RUNPATH_SEARCH_PATHS = "@executable_path/Frameworks";
				"LD_RUNPATH_SEARCH_PATHS[sdk=macosx*]" = "@executable_path/../Frameworks";
				MACOSX_DEPLOYMENT_TARGET = 14.2;
				MARKETING_VERSION = 1.0;
				PRODUCT_BUNDLE_IDENTIFIER = "jonathan-zopf.iOS-Messenger";
				PRODUCT_NAME = "$(TARGET_NAME)";
				SDKROOT = auto;
				SUPPORTED_PLATFORMS = "iphoneos iphonesimulator macosx";
				SWIFT_EMIT_LOC_STRINGS = YES;
				SWIFT_VERSION = 5.0;
				TARGETED_DEVICE_FAMILY = "1,2";
			};
			name = Release;
		};
		ABE681EC2B8B80B5005C2C2D /* Debug */ = {
			isa = XCBuildConfiguration;
			buildSettings = {
				ALWAYS_EMBED_SWIFT_STANDARD_LIBRARIES = YES;
				BUNDLE_LOADER = "$(TEST_HOST)";
				CODE_SIGN_STYLE = Automatic;
				CURRENT_PROJECT_VERSION = 1;
				GENERATE_INFOPLIST_FILE = YES;
				IPHONEOS_DEPLOYMENT_TARGET = 17.2;
				MACOSX_DEPLOYMENT_TARGET = 14.2;
				MARKETING_VERSION = 1.0;
				PRODUCT_BUNDLE_IDENTIFIER = "jonathan-zopf.iOS-MessengerTests";
				PRODUCT_NAME = "$(TARGET_NAME)";
				SDKROOT = auto;
				SUPPORTED_PLATFORMS = "iphoneos iphonesimulator macosx";
				SWIFT_EMIT_LOC_STRINGS = NO;
				SWIFT_VERSION = 5.0;
				TARGETED_DEVICE_FAMILY = "1,2";
				TEST_HOST = "$(BUILT_PRODUCTS_DIR)/iOS-Messenger.app/$(BUNDLE_EXECUTABLE_FOLDER_PATH)/iOS-Messenger";
			};
			name = Debug;
		};
		ABE681ED2B8B80B5005C2C2D /* Release */ = {
			isa = XCBuildConfiguration;
			buildSettings = {
				ALWAYS_EMBED_SWIFT_STANDARD_LIBRARIES = YES;
				BUNDLE_LOADER = "$(TEST_HOST)";
				CODE_SIGN_STYLE = Automatic;
				CURRENT_PROJECT_VERSION = 1;
				GENERATE_INFOPLIST_FILE = YES;
				IPHONEOS_DEPLOYMENT_TARGET = 17.2;
				MACOSX_DEPLOYMENT_TARGET = 14.2;
				MARKETING_VERSION = 1.0;
				PRODUCT_BUNDLE_IDENTIFIER = "jonathan-zopf.iOS-MessengerTests";
				PRODUCT_NAME = "$(TARGET_NAME)";
				SDKROOT = auto;
				SUPPORTED_PLATFORMS = "iphoneos iphonesimulator macosx";
				SWIFT_EMIT_LOC_STRINGS = NO;
				SWIFT_VERSION = 5.0;
				TARGETED_DEVICE_FAMILY = "1,2";
				TEST_HOST = "$(BUILT_PRODUCTS_DIR)/iOS-Messenger.app/$(BUNDLE_EXECUTABLE_FOLDER_PATH)/iOS-Messenger";
			};
			name = Release;
		};
		ABE681EF2B8B80B5005C2C2D /* Debug */ = {
			isa = XCBuildConfiguration;
			buildSettings = {
				ALWAYS_EMBED_SWIFT_STANDARD_LIBRARIES = YES;
				CODE_SIGN_STYLE = Automatic;
				CURRENT_PROJECT_VERSION = 1;
				GENERATE_INFOPLIST_FILE = YES;
				IPHONEOS_DEPLOYMENT_TARGET = 17.2;
				MACOSX_DEPLOYMENT_TARGET = 14.2;
				MARKETING_VERSION = 1.0;
				PRODUCT_BUNDLE_IDENTIFIER = "jonathan-zopf.iOS-MessengerUITests";
				PRODUCT_NAME = "$(TARGET_NAME)";
				SDKROOT = auto;
				SUPPORTED_PLATFORMS = "iphoneos iphonesimulator macosx";
				SWIFT_EMIT_LOC_STRINGS = NO;
				SWIFT_VERSION = 5.0;
				TARGETED_DEVICE_FAMILY = "1,2";
				TEST_TARGET_NAME = "iOS-Messenger";
			};
			name = Debug;
		};
		ABE681F02B8B80B5005C2C2D /* Release */ = {
			isa = XCBuildConfiguration;
			buildSettings = {
				ALWAYS_EMBED_SWIFT_STANDARD_LIBRARIES = YES;
				CODE_SIGN_STYLE = Automatic;
				CURRENT_PROJECT_VERSION = 1;
				GENERATE_INFOPLIST_FILE = YES;
				IPHONEOS_DEPLOYMENT_TARGET = 17.2;
				MACOSX_DEPLOYMENT_TARGET = 14.2;
				MARKETING_VERSION = 1.0;
				PRODUCT_BUNDLE_IDENTIFIER = "jonathan-zopf.iOS-MessengerUITests";
				PRODUCT_NAME = "$(TARGET_NAME)";
				SDKROOT = auto;
				SUPPORTED_PLATFORMS = "iphoneos iphonesimulator macosx";
				SWIFT_EMIT_LOC_STRINGS = NO;
				SWIFT_VERSION = 5.0;
				TARGETED_DEVICE_FAMILY = "1,2";
				TEST_TARGET_NAME = "iOS-Messenger";
			};
			name = Release;
		};
/* End XCBuildConfiguration section */

/* Begin XCConfigurationList section */
		ABE681BE2B8B80B2005C2C2D /* Build configuration list for PBXProject "iOS-Messenger" */ = {
			isa = XCConfigurationList;
			buildConfigurations = (
				ABE681E62B8B80B5005C2C2D /* Debug */,
				ABE681E72B8B80B5005C2C2D /* Release */,
			);
			defaultConfigurationIsVisible = 0;
			defaultConfigurationName = Release;
		};
		ABE681E82B8B80B5005C2C2D /* Build configuration list for PBXNativeTarget "iOS-Messenger" */ = {
			isa = XCConfigurationList;
			buildConfigurations = (
				ABE681E92B8B80B5005C2C2D /* Debug */,
				ABE681EA2B8B80B5005C2C2D /* Release */,
			);
			defaultConfigurationIsVisible = 0;
			defaultConfigurationName = Release;
		};
		ABE681EB2B8B80B5005C2C2D /* Build configuration list for PBXNativeTarget "iOS-MessengerTests" */ = {
			isa = XCConfigurationList;
			buildConfigurations = (
				ABE681EC2B8B80B5005C2C2D /* Debug */,
				ABE681ED2B8B80B5005C2C2D /* Release */,
			);
			defaultConfigurationIsVisible = 0;
			defaultConfigurationName = Release;
		};
		ABE681EE2B8B80B5005C2C2D /* Build configuration list for PBXNativeTarget "iOS-MessengerUITests" */ = {
			isa = XCConfigurationList;
			buildConfigurations = (
				ABE681EF2B8B80B5005C2C2D /* Debug */,
				ABE681F02B8B80B5005C2C2D /* Release */,
			);
			defaultConfigurationIsVisible = 0;
			defaultConfigurationName = Release;
		};
/* End XCConfigurationList section */
	};
	rootObject = ABE681BB2B8B80B2005C2C2D /* Project object */;
}
